lockfileVersion: '9.0'

settings:
  autoInstallPeers: true
  excludeLinksFromLockfile: false

importers:

  .:
    dependencies:
      '@mysten/codegen':
        specifier: ^0.12.7
        version: 0.12.7
      '@mysten/sui':
        specifier: ^2.29.0
        version: 2.29.0(typescript@5.9.3)
    devDependencies:
      '@types/node':
        specifier: 25.3.3
        version: 25.3.3
      prettier:
        specifier: 3.8.1
        version: 3.8.1
      tsx:
        specifier: 4.21.0
        version: 4.21.0
      typescript:
        specifier: 5.9.3
        version: 5.9.3

packages:

  '@0no-co/graphql.web@1.3.4':
    resolution: {integrity: sha512-imSwulOeDQodRy/olQmVEo2PiY6ntjkZ9eiGdw6lMYylh/tay9b7MusyJBmEnkL8GiKRKr6ltr+D42mY5bd8Bg==}
    peerDependencies:
      graphql: ^14.0.0 || ^15.0.0 || ^16.0.0 || ^17.0.0
    peerDependenciesMeta:
      graphql:
        optional: true

  '@0no-co/graphqlsp@1.17.5':
    resolution: {integrity: sha512-wsygfTO3pdkz4idDw8BxdMdgB9AB8nuJDJTUwYy87BiZEZRXS4bEfn4oNl9VtxTo6j2lzX/gED+IvOgxsSy2Jg==}
    peerDependencies:
      graphql: ^15.5.0 || ^16.0.0 || ^17.0.0
      typescript: ^5.0.0 || ^6.0.0

  '@esbuild/aix-ppc64@0.27.7':
    resolution: {integrity: sha512-EKX3Qwmhz1eMdEJokhALr0YiD0lhQNwDqkPYyPhiSwKrh7/4KRjQc04sZ8db+5DVVnZ1LmbNDI1uAMPEUBnQPg==}
    engines: {node: '>=18'}
    cpu: [ppc64]
    os: [aix]

  '@esbuild/android-arm64@0.27.7':
    resolution: {integrity: sha512-62dPZHpIXzvChfvfLJow3q5dDtiNMkwiRzPylSCfriLvZeq0a1bWChrGx/BbUbPwOrsWKMn8idSllklzBy+dgQ==}
    engines: {node: '>=18'}
    cpu: [arm64]
    os: [android]

  '@esbuild/android-arm@0.27.7':
    resolution: {integrity: sha512-jbPXvB4Yj2yBV7HUfE2KHe4GJX51QplCN1pGbYjvsyCZbQmies29EoJbkEc+vYuU5o45AfQn37vZlyXy4YJ8RQ==}
    engines: {node: '>=18'}
    cpu: [arm]
    os: [android]

  '@esbuild/android-x64@0.27.7':
    resolution: {integrity: sha512-x5VpMODneVDb70PYV2VQOmIUUiBtY3D3mPBG8NxVk5CogneYhkR7MmM3yR/uMdITLrC1ml/NV1rj4bMJuy9MCg==}
    engines: {node: '>=18'}
    cpu: [x64]
    os: [android]

  '@esbuild/darwin-arm64@0.27.7':
    resolution: {integrity: sha512-5lckdqeuBPlKUwvoCXIgI2D9/ABmPq3Rdp7IfL70393YgaASt7tbju3Ac+ePVi3KDH6N2RqePfHnXkaDtY9fkw==}
    engines: {node: '>=18'}
    cpu: [arm64]
    os: [darwin]

  '@esbuild/darwin-x64@0.27.7':
    resolution: {integrity: sha512-rYnXrKcXuT7Z+WL5K980jVFdvVKhCHhUwid+dDYQpH+qu+TefcomiMAJpIiC2EM3Rjtq0sO3StMV/+3w3MyyqQ==}
    engines: {node: '>=18'}
    cpu: [x64]
    os: [darwin]

  '@esbuild/freebsd-arm64@0.27.7':
    resolution: {integrity: sha512-B48PqeCsEgOtzME2GbNM2roU29AMTuOIN91dsMO30t+Ydis3z/3Ngoj5hhnsOSSwNzS+6JppqWsuhTp6E82l2w==}
    engines: {node: '>=18'}
    cpu: [arm64]
    os: [freebsd]

  '@esbuild/freebsd-x64@0.27.7':
    resolution: {integrity: sha512-jOBDK5XEjA4m5IJK3bpAQF9/Lelu/Z9ZcdhTRLf4cajlB+8VEhFFRjWgfy3M1O4rO2GQ/b2dLwCUGpiF/eATNQ==}
    engines: {node: '>=18'}
    cpu: [x64]
    os: [freebsd]

  '@esbuild/linux-arm64@0.27.7':
    resolution: {integrity: sha512-RZPHBoxXuNnPQO9rvjh5jdkRmVizktkT7TCDkDmQ0W2SwHInKCAV95GRuvdSvA7w4VMwfCjUiPwDi0ZO6Nfe9A==}
    engines: {node: '>=18'}
    cpu: [arm64]
    os: [linux]

  '@esbuild/linux-arm@0.27.7':
    resolution: {integrity: sha512-RkT/YXYBTSULo3+af8Ib0ykH8u2MBh57o7q/DAs3lTJlyVQkgQvlrPTnjIzzRPQyavxtPtfg0EopvDyIt0j1rA==}
    engines: {node: '>=18'}
    cpu: [arm]
    os: [linux]

  '@esbuild/linux-ia32@0.27.7':
    resolution: {integrity: sha512-GA48aKNkyQDbd3KtkplYWT102C5sn/EZTY4XROkxONgruHPU72l+gW+FfF8tf2cFjeHaRbWpOYa/uRBz/Xq1Pg==}
    engines: {node: '>=18'}
    cpu: [ia32]
    os: [linux]

  '@esbuild/linux-loong64@0.27.7':
    resolution: {integrity: sha512-a4POruNM2oWsD4WKvBSEKGIiWQF8fZOAsycHOt6JBpZ+JN2n2JH9WAv56SOyu9X5IqAjqSIPTaJkqN8F7XOQ5Q==}
    engines: {node: '>=18'}
    cpu: [loong64]
    os: [linux]

  '@esbuild/linux-mips64el@0.27.7':
    resolution: {integrity: sha512-KabT5I6StirGfIz0FMgl1I+R1H73Gp0ofL9A3nG3i/cYFJzKHhouBV5VWK1CSgKvVaG4q1RNpCTR2LuTVB3fIw==}
    engines: {node: '>=18'}
    cpu: [mips64el]
    os: [linux]

  '@esbuild/linux-ppc64@0.27.7':
    resolution: {integrity: sha512-gRsL4x6wsGHGRqhtI+ifpN/vpOFTQtnbsupUF5R5YTAg+y/lKelYR1hXbnBdzDjGbMYjVJLJTd2OFmMewAgwlQ==}
    engines: {node: '>=18'}
    cpu: [ppc64]
    os: [linux]

  '@esbuild/linux-riscv64@0.27.7':
    resolution: {integrity: sha512-hL25LbxO1QOngGzu2U5xeXtxXcW+/GvMN3ejANqXkxZ/opySAZMrc+9LY/WyjAan41unrR3YrmtTsUpwT66InQ==}
    engines: {node: '>=18'}
    cpu: [riscv64]
    os: [linux]

  '@esbuild/linux-s390x@0.27.7':
    resolution: {integrity: sha512-2k8go8Ycu1Kb46vEelhu1vqEP+UeRVj2zY1pSuPdgvbd5ykAw82Lrro28vXUrRmzEsUV0NzCf54yARIK8r0fdw==}
    engines: {node: '>=18'}
    cpu: [s390x]
    os: [linux]

  '@esbuild/linux-x64@0.27.7':
    resolution: {integrity: sha512-hzznmADPt+OmsYzw1EE33ccA+HPdIqiCRq7cQeL1Jlq2gb1+OyWBkMCrYGBJ+sxVzve2ZJEVeePbLM2iEIZSxA==}
    engines: {node: '>=18'}
    cpu: [x64]
    os: [linux]

  '@esbuild/netbsd-arm64@0.27.7':
    resolution: {integrity: sha512-b6pqtrQdigZBwZxAn1UpazEisvwaIDvdbMbmrly7cDTMFnw/+3lVxxCTGOrkPVnsYIosJJXAsILG9XcQS+Yu6w==}
    engines: {node: '>=18'}
    cpu: [arm64]
    os: [netbsd]

  '@esbuild/netbsd-x64@0.27.7':
    resolution: {integrity: sha512-OfatkLojr6U+WN5EDYuoQhtM+1xco+/6FSzJJnuWiUw5eVcicbyK3dq5EeV/QHT1uy6GoDhGbFpprUiHUYggrw==}
    engines: {node: '>=18'}
    cpu: [x64]
    os: [netbsd]

  '@esbuild/openbsd-arm64@0.27.7':
    resolution: {integrity: sha512-AFuojMQTxAz75Fo8idVcqoQWEHIXFRbOc1TrVcFSgCZtQfSdc1RXgB3tjOn/krRHENUB4j00bfGjyl2mJrU37A==}
    engines: {node: '>=18'}
    cpu: [arm64]
    os: [openbsd]

  '@esbuild/openbsd-x64@0.27.7':
    resolution: {integrity: sha512-+A1NJmfM8WNDv5CLVQYJ5PshuRm/4cI6WMZRg1by1GwPIQPCTs1GLEUHwiiQGT5zDdyLiRM/l1G0Pv54gvtKIg==}
    engines: {node: '>=18'}
    cpu: [x64]
    os: [openbsd]

  '@esbuild/openharmony-arm64@0.27.7':
    resolution: {integrity: sha512-+KrvYb/C8zA9CU/g0sR6w2RBw7IGc5J2BPnc3dYc5VJxHCSF1yNMxTV5LQ7GuKteQXZtspjFbiuW5/dOj7H4Yw==}
    engines: {node: '>=18'}
    cpu: [arm64]
    os: [openharmony]

  '@esbuild/sunos-x64@0.27.7':
    resolution: {integrity: sha512-ikktIhFBzQNt/QDyOL580ti9+5mL/YZeUPKU2ivGtGjdTYoqz6jObj6nOMfhASpS4GU4Q/Clh1QtxWAvcYKamA==}
    engines: {node: '>=18'}
    cpu: [x64]
    os: [sunos]

  '@esbuild/win32-arm64@0.27.7':
    resolution: {integrity: sha512-7yRhbHvPqSpRUV7Q20VuDwbjW5kIMwTHpptuUzV+AA46kiPze5Z7qgt6CLCK3pWFrHeNfDd1VKgyP4O+ng17CA==}
    engines: {node: '>=18'}
    cpu: [arm64]
    os: [win32]

  '@esbuild/win32-ia32@0.27.7':
    resolution: {integrity: sha512-SmwKXe6VHIyZYbBLJrhOoCJRB/Z1tckzmgTLfFYOfpMAx63BJEaL9ExI8x7v0oAO3Zh6D/Oi1gVxEYr5oUCFhw==}
    engines: {node: '>=18'}
    cpu: [ia32]
    os: [win32]

  '@esbuild/win32-x64@0.27.7':
    resolution: {integrity: sha512-56hiAJPhwQ1R4i+21FVF7V8kSD5zZTdHcVuRFMW0hn753vVfQN8xlx4uOPT4xoGH0Z/oVATuR82AiqSTDIpaHg==}
    engines: {node: '>=18'}
    cpu: [x64]
    os: [win32]

  '@gql.tada/cli-utils@1.9.3':
    resolution: {integrity: sha512-P1TiXErpJwIi73sei5fzwGA/SOeCaIHFWFR4RdZPLwqxZzQN0T6MAUivzXBgKCORL67rvYnLaaPoWeqWq/61ug==}
    peerDependencies:
      '@0no-co/graphqlsp': ^1.16.0
      '@gql.tada/svelte-support': 1.0.3
      '@gql.tada/vue-support': 1.0.3
      graphql: ^15.5.0 || ^16.0.0 || ^17.0.0
      typescript: ^5.0.0 || ^6.0.0 || ^7.0.0 || ^8.0.0
    peerDependenciesMeta:
      '@gql.tada/svelte-support':
        optional: true
      '@gql.tada/vue-support':
        optional: true

  '@gql.tada/internal@1.2.2':
    resolution: {integrity: sha512-4lZcElPP6MC8Ct8KN70LR2WQsHjbAsyAmTGG09VsOPhx738UFIYaL0S1XiI2pqq2tj/sDs/y3b9jvKoWGL7iuQ==}
    peerDependencies:
      graphql: ^15.5.0 || ^16.0.0 || ^17.0.0
      typescript: ^5.0.0 || ^6.0.0 || ^7.0.0 || ^8.0.0

  '@graphql-typed-document-node/core@3.2.0':
    resolution: {integrity: sha512-mB9oAsNCm9aM3/SOv4YtBMqZbYj10R7dkq8byBqxGY/ncFwhf2oQzMV+LCRlWoDSEBJ3COiR1yeDvMtsoOsuFQ==}
    peerDependencies:
      graphql: ^0.8.0 || ^0.9.0 || ^0.10.0 || ^0.11.0 || ^0.12.0 || ^0.13.0 || ^14.0.0 || ^15.0.0 || ^16.0.0 || ^17.0.0

  '@mysten/bcs@2.1.1':
    resolution: {integrity: sha512-IDYomoQ6+yvOIClBHmNdScttv+h/HbGGHLEdUmGQptR3YdqqLM5vJD28wf2QP/UXCEBkCoG7TOT6pFNw8ExYmA==}

  '@mysten/codegen@0.12.7':
    resolution: {integrity: sha512-mGNUuVMjbZ7nN56pYu2G7YBGeJ8cBksZaVRedemPA4OhAT2QWPIMfj4ojJGdfK9j77N3tor9N8mO2dnNARbD7Q==}
    hasBin: true

  '@mysten/sui@2.29.0':
    resolution: {integrity: sha512-k7q22+AFQ5SZXOH+a28M1J8iFVbMcWro9mt0Bb7GI1HZNsxJIyQT5Q3iZdrAM0hTwM4XQvzm5Y0f32f0nfiGxw==}
    engines: {node: '>=22'}

  '@mysten/utils@0.4.1':
    resolution: {integrity: sha512-gffLJ84CbqG/CcOPuVlwXIRu37tFn0BtUx7CQtbLwJzWjUE7FU2Gq8BXWjzxImnvufcyLTaNWtCPG6wq22Zhog==}

  '@noble/curves@2.4.0':
    resolution: {integrity: sha512-P4/62zrgfH33CneE3Dn4WhJVA22YUU0eR51wKIan4NVRvwsA0YnPTwWGpNbpuacSujmSFLvyzpyuR30+fbq2Ew==}
    engines: {node: '>= 20.19.0'}

  '@noble/hashes@2.4.0':
    resolution: {integrity: sha512-X5XaVWZIBCT7HHZGm5I7ZQXDwLG+bGXuSrMQAW+7Zvl87h1kmc1ZB1VSRJcpUfoUrGQp4Fkoxm5kZ+Ms+aW+eA==}
    engines: {node: '>= 20.19.0'}

  '@protobuf-ts/grpcweb-transport@2.11.1':
    resolution: {integrity: sha512-1W4utDdvOB+RHMFQ0soL4JdnxjXV+ddeGIUg08DvZrA8Ms6k5NN6GBFU2oHZdTOcJVpPrDJ02RJlqtaoCMNBtw==}

  '@protobuf-ts/runtime-rpc@2.11.1':
    resolution: {integrity: sha512-4CqqUmNA+/uMz00+d3CYKgElXO9VrEbucjnBFEjqI4GuDrEQ32MaI3q+9qPBvIGOlL4PmHXrzM32vBPWRhQKWQ==}

  '@protobuf-ts/runtime@2.11.1':
    resolution: {integrity: sha512-KuDaT1IfHkugM2pyz+FwiY80ejWrkH1pAtOBOZFuR6SXEFTsnb/jiQWQ1rCIrcKx2BtyxnxW6BWwsVSA/Ie+WQ==}

  '@scure/base@2.4.0':
    resolution: {integrity: sha512-thZ1TuJwFwBblOhgsjDKvvGirBxNp+wSvY/DR6tJBJOTDhdAAcHJ8Vbr2eFnqaxeca4+t0i9KBf+uHYGWwZORg==}

  '@scure/bip32@2.4.0':
    resolution: {integrity: sha512-i3DS0CptAocyvqE4n3SUkpzeQK4vJMFwWLofTwRiiKo2aWojBOfyMCgfKw9HVpO6fSY5AK86sHS/Uzn8kK9Few==}

  '@scure/bip39@2.4.0':
    resolution: {integrity: sha512-82dxFbZUYboyOf0AXiydsQrFQ5Q4h9mX+O2UkE91ROYmsc0BKMGZLwDmy96Jpa2+vrtoxomjUhy1RPIgH/r2nA==}

  '@stricli/auto-complete@1.3.0':
    resolution: {integrity: sha512-egN+fdP2USbP08DkhSH+y9XsiXSrJMgbR1E5SuOD2kqI4AckufhOIKokDzmzmUT6yMa7j0jmWu29phT/jXwzqQ==}
    hasBin: true

  '@stricli/core@1.3.0':
    resolution: {integrity: sha512-LnBe2HntygaLDU5trtjiC3J4C/YkmIZuM0XB52IF4qaLqJH09kgD1fnZiS2gaYUnt0nAN2a+1b4PSOBcfPrN4Q==}

  '@types/node@25.3.3':
    resolution: {integrity: sha512-DpzbrH7wIcBaJibpKo9nnSQL0MTRdnWttGyE5haGwK86xgMOkFLp7vEyfQPGLOJh5wNYiJ3V9PmUMDhV9u8kkQ==}

  '@types/node@26.4.1':
    resolution: {integrity: sha512-k97ENvZWtvA6yqz5/FS6a7duDgOPEeOQOc2iKS/nY6mX6qJUKtLnWzQS+Xj6tXweyj6ZcTAK2Qecetnvi9nCLA==}

  '@typescript/typescript6@6.0.2':
    resolution: {integrity: sha512-mbCddXd+jm7hfx7w2YU64/Av4/NqqeG3GoRZgxPcgoTxYjhrcfJRw9ULch71SS4G+Q3bOXFhRvPqjguN0Hyp5w==}
    hasBin: true

  argparse@2.0.1:
    resolution: {integrity: sha512-8+9WqebbFzpX9OR+Wa6O29asIogeRMzcGtAINdpMHHyAg10f05aSFVBbcEqGf/PXw1EjAZ+q2/bEBg3DvurK3Q==}

  cosmiconfig@10.0.1:
    resolution: {integrity: sha512-/zvGoYn0y27QTBmK+0B+oPdEPC4fKGUmJsMTQbDjqph00TrkqfVFW/M+C6ya54sYCgHC6QCwK/mI6djt8cEGHQ==}
    engines: {node: ^22.18 || >= 24}

  env-paths@2.2.1:
    resolution: {integrity: sha512-+h1lkLKhZMTYjog1VEpJNG7NZJWcuc2DDk/qsqSTRRCOXiLjeQ1d1/udrUGhqMxUgAlwKNZ0cf2uqan5GLuS2A==}
    engines: {node: '>=6'}

  esbuild@0.27.7:
    resolution: {integrity: sha512-IxpibTjyVnmrIQo5aqNpCgoACA/dTKLTlhMHihVHhdkxKyPO1uBBthumT0rdHmcsk9uMonIWS0m4FljWzILh3w==}
    engines: {node: '>=18'}
    hasBin: true

  fsevents@2.3.3:
    resolution: {integrity: sha512-5xoDfX+fL7faATnagmWPpbFtwh/R77WmMMqqHGS65C3vvB0YHrgF+B1YmZ3441tMj5n63k0212XNoJwzlhffQw==}
    engines: {node: ^8.16.0 || ^10.6.0 || >=11.0.0}
    os: [darwin]

  get-tsconfig@4.14.0:
    resolution: {integrity: sha512-yTb+8DXzDREzgvYmh6s9vHsSVCHeC0G3PI5bEXNBHtmshPnO+S5O7qgLEOn0I5QvMy6kpZN8K1NKGyilLb93wA==}

  gql.tada@1.11.3:
    resolution: {integrity: sha512-5JCI4j2f0nug8ILaCQys/yjOP78QqqjVUf47OQsME63rZfemsHT3e5vcfbHsnZiG6vxyqpKUJArtXEVwSefUhw==}
    hasBin: true
    peerDependencies:
      typescript: ^5.0.0 || ^6.0.0 || ^7.0.0 || ^8.0.0

  graphql@17.0.2:
    resolution: {integrity: sha512-FRWbddMxfkjiB7z+aQDWIR+E34xo9I8c9mtK2RPv8PmMzKRvrdsreHL/Ui/TmwHJfhHChEtsFPyMHKI+xuarQQ==}
    engines: {node: ^22.0.0 || ^24.0.0 || ^25.0.0 || >=26.0.0}

  js-yaml@5.4.1:
    resolution: {integrity: sha512-28R/k+NAjeuf7+CKlTxWZVExJGwVVLwY06DgEnOMz2gEpfNkDcD7QvyiVPT0xy0XXhU8vHsd4Ot42OOPdJG7dQ==}
    hasBin: true

  poseidon-lite@0.3.0:
    resolution: {integrity: sha512-ilJj4MIve4uBEG7SrtPqUUNkvpJ/pLVbndxa0WvebcQqeIhe+h72JR4g0EvwchUzm9sOQDlOjiDNmRAgxNZl4A==}

  prettier@3.8.1:
    resolution: {integrity: sha512-UOnG6LftzbdaHZcKoPFtOcCKztrQ57WkHDeRD9t/PTQtmT0NHSeWWepj6pS0z/N7+08BHFDQVUrfmfMRcZwbMg==}
    engines: {node: '>=14'}
    hasBin: true

  prettier@3.9.6:
    resolution: {integrity: sha512-OpN0zzVdiaiAhxpuuj5efpIS4sY9j7bY6uR5mnj5yPzGkdkjNKSJeUThPb60Jw29QuAZgA4o+/iB49kFiaBX6g==}
    engines: {node: '>=14'}
    hasBin: true

  resolve-pkg-maps@1.0.0:
    resolution: {integrity: sha512-seS2Tj26TBVOC2NIc2rOe2y2ZO7efxITtLZcGSOnHHNOQ7CkiUBfw0Iw2ck6xkIhPwLhKNLS8BO+hEpngQlqzw==}

  toml@5.0.0:
    resolution: {integrity: sha512-bsqEd+g7fzlrw7LEynQ6W6aOK/lTOlepz5x1sJyIV9fTZVJS2Q76nuju6FK+gZhW5bUpvB7mCEqdR0u4WziMFw==}
    engines: {node: '>=20'}

  tsx@4.21.0:
    resolution: {integrity: sha512-5C1sg4USs1lfG0GFb2RLXsdpXqBSEhAaA/0kPL01wxzpMqLILNxIxIOKiILz+cdg/pLnOUxFYOR5yhHU666wbw==}
    engines: {node: '>=18.0.0'}
    hasBin: true

  typescript@5.9.3:
    resolution: {integrity: sha512-jl1vZzPDinLr9eUt3J/t7V6FgNEw9QjvBPdysz9KfQDD41fQrC2Y4vKQdiaUpFT4bXlb1RHhLpp8wtm6M5TgSw==}
    engines: {node: '>=14.17'}
    hasBin: true

  typescript@6.0.3:
    resolution: {integrity: sha512-y2TvuxSZPDyQakkFRPZHKFm+KKVqIisdg9/CZwm9ftvKXLP8NRWj38/ODjNbr43SsoXqNuAisEf1GdCxqWcdBw==}
    engines: {node: '>=14.17'}
    hasBin: true

  undici-types@7.18.2:
    resolution: {integrity: sha512-AsuCzffGHJybSaRrmr5eHr81mwJU3kjw6M+uprWvCXiNeN9SOGwQ3Jn8jb8m3Z6izVgknn1R0FTCEAP2QrLY/w==}

  undici-types@8.3.0:
    resolution: {integrity: sha512-j375ScV60dom+YkPFIfTLcOiPxkN/buHz5GobjLhixFuANaNs3C9l4GmrWqejgXWJ7BbJcFYpTEUkS1Ge8bpZQ==}

  valibot@1.4.2:
    resolution: {integrity: sha512-gjdCvJ6d3RyHAneqxMYMW9QMCwYMb3jpOO0IyHZV1bnRHFBHrX3VkIILt5XYR0WhwHiH7Mty8ovuPZ/O3gamrg==}
    peerDependencies:
      typescript: '>=5'
    peerDependenciesMeta:
      typescript:
        optional: true

  zod@4.5.4:
    resolution: {integrity: sha512-sC95tT5iHHH9gtpj6A81kh+NEaRAUFN+qlUPDUbRfOMvNf5QCBqsb3WgvnpVtK5Y+4UfA6KqufotuTvMGiTlsA==}

snapshots:

  '@0no-co/graphql.web@1.3.4(graphql@17.0.2)':
    optionalDependencies:
      graphql: 17.0.2

  '@0no-co/graphqlsp@1.17.5(@typescript/typescript6@6.0.2)(graphql@17.0.2)':
    dependencies:
      '@gql.tada/internal': 1.2.2(@typescript/typescript6@6.0.2)(graphql@17.0.2)
      graphql: 17.0.2
      typescript: '@typescript/typescript6@6.0.2'

  '@0no-co/graphqlsp@1.17.5(graphql@17.0.2)(typescript@5.9.3)':
    dependencies:
      '@gql.tada/internal': 1.2.2(graphql@17.0.2)(typescript@5.9.3)
      graphql: 17.0.2
      typescript: 5.9.3

  '@esbuild/aix-ppc64@0.27.7':
    optional: true

  '@esbuild/android-arm64@0.27.7':
    optional: true

  '@esbuild/android-arm@0.27.7':
    optional: true

  '@esbuild/android-x64@0.27.7':
    optional: true

  '@esbuild/darwin-arm64@0.27.7':
    optional: true

  '@esbuild/darwin-x64@0.27.7':
    optional: true

  '@esbuild/freebsd-arm64@0.27.7':
    optional: true

  '@esbuild/freebsd-x64@0.27.7':
    optional: true

  '@esbuild/linux-arm64@0.27.7':
    optional: true

  '@esbuild/linux-arm@0.27.7':
    optional: true

  '@esbuild/linux-ia32@0.27.7':
    optional: true

  '@esbuild/linux-loong64@0.27.7':
    optional: true

  '@esbuild/linux-mips64el@0.27.7':
    optional: true

  '@esbuild/linux-ppc64@0.27.7':
    optional: true

  '@esbuild/linux-riscv64@0.27.7':
    optional: true

  '@esbuild/linux-s390x@0.27.7':
    optional: true

  '@esbuild/linux-x64@0.27.7':
    optional: true

  '@esbuild/netbsd-arm64@0.27.7':
    optional: true

  '@esbuild/netbsd-x64@0.27.7':
    optional: true

  '@esbuild/openbsd-arm64@0.27.7':
    optional: true

  '@esbuild/openbsd-x64@0.27.7':
    optional: true

  '@esbuild/openharmony-arm64@0.27.7':
    optional: true

  '@esbuild/sunos-x64@0.27.7':
    optional: true

  '@esbuild/win32-arm64@0.27.7':
    optional: true

  '@esbuild/win32-ia32@0.27.7':
    optional: true

  '@esbuild/win32-x64@0.27.7':
    optional: true

  '@gql.tada/cli-utils@1.9.3(@0no-co/graphqlsp@1.17.5(graphql@17.0.2)(typescript@5.9.3))(@typescript/typescript6@6.0.2)(graphql@17.0.2)':
    dependencies:
      '@0no-co/graphqlsp': 1.17.5(graphql@17.0.2)(typescript@5.9.3)
      '@gql.tada/internal': 1.2.2(@typescript/typescript6@6.0.2)(graphql@17.0.2)
      graphql: 17.0.2
      typescript: '@typescript/typescript6@6.0.2'

  '@gql.tada/cli-utils@1.9.3(@0no-co/graphqlsp@1.17.5(graphql@17.0.2)(typescript@5.9.3))(graphql@17.0.2)(typescript@5.9.3)':
    dependencies:
      '@0no-co/graphqlsp': 1.17.5(graphql@17.0.2)(typescript@5.9.3)
      '@gql.tada/internal': 1.2.2(graphql@17.0.2)(typescript@5.9.3)
      graphql: 17.0.2
      typescript: 5.9.3

  '@gql.tada/internal@1.2.2(@typescript/typescript6@6.0.2)(graphql@17.0.2)':
    dependencies:
      '@0no-co/graphql.web': 1.3.4(graphql@17.0.2)
      graphql: 17.0.2
      typescript: '@typescript/typescript6@6.0.2'

  '@gql.tada/internal@1.2.2(graphql@17.0.2)(typescript@5.9.3)':
    dependencies:
      '@0no-co/graphql.web': 1.3.4(graphql@17.0.2)
      graphql: 17.0.2
      typescript: 5.9.3

  '@graphql-typed-document-node/core@3.2.0(graphql@17.0.2)':
    dependencies:
      graphql: 17.0.2

  '@mysten/bcs@2.1.1':
    dependencies:
      '@mysten/utils': 0.4.1
      '@scure/base': 2.4.0

  '@mysten/codegen@0.12.7':
    dependencies:
      '@mysten/bcs': 2.1.1
      '@mysten/sui': 2.29.0(@typescript/typescript6@6.0.2)
      '@stricli/auto-complete': 1.3.0
      '@stricli/core': 1.3.0
      '@types/node': 26.4.1
      cosmiconfig: 10.0.1
      prettier: 3.9.6
      toml: 5.0.0
      typescript: '@typescript/typescript6@6.0.2'
      zod: 4.5.4
    transitivePeerDependencies:
      - '@gql.tada/svelte-support'
      - '@gql.tada/vue-support'

  '@mysten/sui@2.29.0(@typescript/typescript6@6.0.2)':
    dependencies:
      '@graphql-typed-document-node/core': 3.2.0(graphql@17.0.2)
      '@mysten/bcs': 2.1.1
      '@mysten/utils': 0.4.1
      '@noble/curves': 2.4.0
      '@noble/hashes': 2.4.0
      '@protobuf-ts/grpcweb-transport': 2.11.1
      '@protobuf-ts/runtime': 2.11.1
      '@protobuf-ts/runtime-rpc': 2.11.1
      '@scure/base': 2.4.0
      '@scure/bip32': 2.4.0
      '@scure/bip39': 2.4.0
      gql.tada: 1.11.3(@typescript/typescript6@6.0.2)(graphql@17.0.2)
      graphql: 17.0.2
      poseidon-lite: 0.3.0
      valibot: 1.4.2(@typescript/typescript6@6.0.2)
    transitivePeerDependencies:
      - '@gql.tada/svelte-support'
      - '@gql.tada/vue-support'
      - typescript

  '@mysten/sui@2.29.0(typescript@5.9.3)':
    dependencies:
      '@graphql-typed-document-node/core': 3.2.0(graphql@17.0.2)
      '@mysten/bcs': 2.1.1
      '@mysten/utils': 0.4.1
      '@noble/curves': 2.4.0
      '@noble/hashes': 2.4.0
      '@protobuf-ts/grpcweb-transport': 2.11.1
      '@protobuf-ts/runtime': 2.11.1
      '@protobuf-ts/runtime-rpc': 2.11.1
      '@scure/base': 2.4.0
      '@scure/bip32': 2.4.0
      '@scure/bip39': 2.4.0
      gql.tada: 1.11.3(graphql@17.0.2)(typescript@5.9.3)
      graphql: 17.0.2
      poseidon-lite: 0.3.0
      valibot: 1.4.2(typescript@5.9.3)
    transitivePeerDependencies:
      - '@gql.tada/svelte-support'
      - '@gql.tada/vue-support'
      - typescript

  '@mysten/utils@0.4.1':
    dependencies:
      '@scure/base': 2.4.0

  '@noble/curves@2.4.0':
    dependencies:
      '@noble/hashes': 2.4.0

  '@noble/hashes@2.4.0': {}

  '@protobuf-ts/grpcweb-transport@2.11.1':
    dependencies:
      '@protobuf-ts/runtime': 2.11.1
      '@protobuf-ts/runtime-rpc': 2.11.1

  '@protobuf-ts/runtime-rpc@2.11.1':
    dependencies:
      '@protobuf-ts/runtime': 2.11.1

  '@protobuf-ts/runtime@2.11.1': {}

  '@scure/base@2.4.0': {}

  '@scure/bip32@2.4.0':
    dependencies:
      '@noble/curves': 2.4.0
      '@noble/hashes': 2.4.0
      '@scure/base': 2.4.0

  '@scure/bip39@2.4.0':
    dependencies:
      '@noble/hashes': 2.4.0

  '@stricli/auto-complete@1.3.0':
    dependencies:
      '@stricli/core': 1.3.0

  '@stricli/core@1.3.0': {}

  '@types/node@25.3.3':
    dependencies:
      undici-types: 7.18.2

  '@types/node@26.4.1':
    dependencies:
      undici-types: 8.3.0

  '@typescript/typescript6@6.0.2':
    dependencies:
      '@typescript/old': typescript@6.0.3

  argparse@2.0.1: {}

  cosmiconfig@10.0.1:
    dependencies:
      env-paths: 2.2.1
      js-yaml: 5.4.1

  env-paths@2.2.1: {}

  esbuild@0.27.7:
    optionalDependencies:
      '@esbuild/aix-ppc64': 0.27.7
      '@esbuild/android-arm': 0.27.7
      '@esbuild/android-arm64': 0.27.7
      '@esbuild/android-x64': 0.27.7
      '@esbuild/darwin-arm64': 0.27.7
      '@esbuild/darwin-x64': 0.27.7
      '@esbuild/freebsd-arm64': 0.27.7
      '@esbuild/freebsd-x64': 0.27.7
      '@esbuild/linux-arm': 0.27.7
      '@esbuild/linux-arm64': 0.27.7
      '@esbuild/linux-ia32': 0.27.7
      '@esbuild/linux-loong64': 0.27.7
      '@esbuild/linux-mips64el': 0.27.7
      '@esbuild/linux-ppc64': 0.27.7
      '@esbuild/linux-riscv64': 0.27.7
      '@esbuild/linux-s390x': 0.27.7
      '@esbuild/linux-x64': 0.27.7
      '@esbuild/netbsd-arm64': 0.27.7
      '@esbuild/netbsd-x64': 0.27.7
      '@esbuild/openbsd-arm64': 0.27.7
      '@esbuild/openbsd-x64': 0.27.7
      '@esbuild/openharmony-arm64': 0.27.7
      '@esbuild/sunos-x64': 0.27.7
      '@esbuild/win32-arm64': 0.27.7
      '@esbuild/win32-ia32': 0.27.7
      '@esbuild/win32-x64': 0.27.7

  fsevents@2.3.3:
    optional: true

  get-tsconfig@4.14.0:
    dependencies:
      resolve-pkg-maps: 1.0.0

  gql.tada@1.11.3(@typescript/typescript6@6.0.2)(graphql@17.0.2):
    dependencies:
      '@0no-co/graphql.web': 1.3.4(graphql@17.0.2)
      '@0no-co/graphqlsp': 1.17.5(@typescript/typescript6@6.0.2)(graphql@17.0.2)
      '@gql.tada/cli-utils': 1.9.3(@0no-co/graphqlsp@1.17.5(graphql@17.0.2)(typescript@5.9.3))(@typescript/typescript6@6.0.2)(graphql@17.0.2)
      '@gql.tada/internal': 1.2.2(@typescript/typescript6@6.0.2)(graphql@17.0.2)
      typescript: '@typescript/typescript6@6.0.2'
    transitivePeerDependencies:
      - '@gql.tada/svelte-support'
      - '@gql.tada/vue-support'
      - graphql

  gql.tada@1.11.3(graphql@17.0.2)(typescript@5.9.3):
    dependencies:
      '@0no-co/graphql.web': 1.3.4(graphql@17.0.2)
      '@0no-co/graphqlsp': 1.17.5(graphql@17.0.2)(typescript@5.9.3)
      '@gql.tada/cli-utils': 1.9.3(@0no-co/graphqlsp@1.17.5(graphql@17.0.2)(typescript@5.9.3))(graphql@17.0.2)(typescript@5.9.3)
      '@gql.tada/internal': 1.2.2(graphql@17.0.2)(typescript@5.9.3)
      typescript: 5.9.3
    transitivePeerDependencies:
      - '@gql.tada/svelte-support'
      - '@gql.tada/vue-support'
      - graphql

  graphql@17.0.2: {}

  js-yaml@5.4.1:
    dependencies:
      argparse: 2.0.1

  poseidon-lite@0.3.0: {}

  prettier@3.8.1: {}

  prettier@3.9.6: {}

  resolve-pkg-maps@1.0.0: {}

  toml@5.0.0: {}

  tsx@4.21.0:
    dependencies:
      esbuild: 0.27.7
      get-tsconfig: 4.14.0
    optionalDependencies:
      fsevents: 2.3.3

  typescript@5.9.3: {}

  typescript@6.0.3: {}

  undici-types@7.18.2: {}

  undici-types@8.3.0: {}

  valibot@1.4.2(@typescript/typescript6@6.0.2):
    optionalDependencies:
      typescript: '@typescript/typescript6@6.0.2'

  valibot@1.4.2(typescript@5.9.3):
    optionalDependencies:
      typescript: 5.9.3

  zod@4.5.4: {}
