lockfileVersion: '9.0'

settings:
  autoInstallPeers: true
  excludeLinksFromLockfile: false

importers:

  .:
    dependencies:
      '@mysten/codegen':
        specifier: ^0.5.10
        version: 0.5.13
      '@mysten/sui':
        specifier: ^1.45.0
        version: 1.45.2(typescript@5.9.3)
    devDependencies:
      '@types/node':
        specifier: 25.3.3
        version: 25.3.3
      prettier:
        specifier: 3.8.1
        version: 3.8.1
      tsx:
        specifier: 4.21.0
        version: 4.21.0
      typescript:
        specifier: 5.9.3
        version: 5.9.3

packages:

  '@0no-co/graphql.web@1.3.3':
    resolution: {integrity: sha512-4gFGBdyaFmQ6n9euhp5JtIGS4ZeivwDr1tCPENUxTvy5wyv532yOtFCr9zzYAJh1s6uibgC+TRXUcay+mxzCoQ==}
    peerDependencies:
      graphql: ^14.0.0 || ^15.0.0 || ^16.0.0
    peerDependenciesMeta:
      graphql:
        optional: true

  '@0no-co/graphqlsp@1.17.4':
    resolution: {integrity: sha512-5OneBcUU0dVbyrTqyFzmC1TtXmA1PxRKLLBO3O9wqmB6dzkidea1d+mK3ciqYDSejq22LzBQ2lb829aArK22/g==}
    peerDependencies:
      graphql: ^15.5.0 || ^16.0.0 || ^17.0.0
      typescript: ^5.0.0 || ^6.0.0

  '@babel/code-frame@7.29.7':
    resolution: {integrity: sha512-Aup7aUOfpbAUg2ROOJN6Iw5f9DMBlzu0mIkm/malLQFN/YQgO48wCj0Kxa3sEHJvPVFg7siR+qRInwXd2qhQKw==}
    engines: {node: '>=6.9.0'}

  '@babel/helper-validator-identifier@7.29.7':
    resolution: {integrity: sha512-qehxGkRj55h/ff8EMaJ+cYhyaKlHIxqYDn682wQD7RNp9UujOQsHog2uS0r2vzr4pW+sXf90NeeayjcNaX3fFg==}
    engines: {node: '>=6.9.0'}

  '@esbuild/aix-ppc64@0.27.7':
    resolution: {integrity: sha512-EKX3Qwmhz1eMdEJokhALr0YiD0lhQNwDqkPYyPhiSwKrh7/4KRjQc04sZ8db+5DVVnZ1LmbNDI1uAMPEUBnQPg==}
    engines: {node: '>=18'}
    cpu: [ppc64]
    os: [aix]

  '@esbuild/android-arm64@0.27.7':
    resolution: {integrity: sha512-62dPZHpIXzvChfvfLJow3q5dDtiNMkwiRzPylSCfriLvZeq0a1bWChrGx/BbUbPwOrsWKMn8idSllklzBy+dgQ==}
    engines: {node: '>=18'}
    cpu: [arm64]
    os: [android]

  '@esbuild/android-arm@0.27.7':
    resolution: {integrity: sha512-jbPXvB4Yj2yBV7HUfE2KHe4GJX51QplCN1pGbYjvsyCZbQmies29EoJbkEc+vYuU5o45AfQn37vZlyXy4YJ8RQ==}
    engines: {node: '>=18'}
    cpu: [arm]
    os: [android]

  '@esbuild/android-x64@0.27.7':
    resolution: {integrity: sha512-x5VpMODneVDb70PYV2VQOmIUUiBtY3D3mPBG8NxVk5CogneYhkR7MmM3yR/uMdITLrC1ml/NV1rj4bMJuy9MCg==}
    engines: {node: '>=18'}
    cpu: [x64]
    os: [android]

  '@esbuild/darwin-arm64@0.27.7':
    resolution: {integrity: sha512-5lckdqeuBPlKUwvoCXIgI2D9/ABmPq3Rdp7IfL70393YgaASt7tbju3Ac+ePVi3KDH6N2RqePfHnXkaDtY9fkw==}
    engines: {node: '>=18'}
    cpu: [arm64]
    os: [darwin]

  '@esbuild/darwin-x64@0.27.7':
    resolution: {integrity: sha512-rYnXrKcXuT7Z+WL5K980jVFdvVKhCHhUwid+dDYQpH+qu+TefcomiMAJpIiC2EM3Rjtq0sO3StMV/+3w3MyyqQ==}
    engines: {node: '>=18'}
    cpu: [x64]
    os: [darwin]

  '@esbuild/freebsd-arm64@0.27.7':
    resolution: {integrity: sha512-B48PqeCsEgOtzME2GbNM2roU29AMTuOIN91dsMO30t+Ydis3z/3Ngoj5hhnsOSSwNzS+6JppqWsuhTp6E82l2w==}
    engines: {node: '>=18'}
    cpu: [arm64]
    os: [freebsd]

  '@esbuild/freebsd-x64@0.27.7':
    resolution: {integrity: sha512-jOBDK5XEjA4m5IJK3bpAQF9/Lelu/Z9ZcdhTRLf4cajlB+8VEhFFRjWgfy3M1O4rO2GQ/b2dLwCUGpiF/eATNQ==}
    engines: {node: '>=18'}
    cpu: [x64]
    os: [freebsd]

  '@esbuild/linux-arm64@0.27.7':
    resolution: {integrity: sha512-RZPHBoxXuNnPQO9rvjh5jdkRmVizktkT7TCDkDmQ0W2SwHInKCAV95GRuvdSvA7w4VMwfCjUiPwDi0ZO6Nfe9A==}
    engines: {node: '>=18'}
    cpu: [arm64]
    os: [linux]

  '@esbuild/linux-arm@0.27.7':
    resolution: {integrity: sha512-RkT/YXYBTSULo3+af8Ib0ykH8u2MBh57o7q/DAs3lTJlyVQkgQvlrPTnjIzzRPQyavxtPtfg0EopvDyIt0j1rA==}
    engines: {node: '>=18'}
    cpu: [arm]
    os: [linux]

  '@esbuild/linux-ia32@0.27.7':
    resolution: {integrity: sha512-GA48aKNkyQDbd3KtkplYWT102C5sn/EZTY4XROkxONgruHPU72l+gW+FfF8tf2cFjeHaRbWpOYa/uRBz/Xq1Pg==}
    engines: {node: '>=18'}
    cpu: [ia32]
    os: [linux]

  '@esbuild/linux-loong64@0.27.7':
    resolution: {integrity: sha512-a4POruNM2oWsD4WKvBSEKGIiWQF8fZOAsycHOt6JBpZ+JN2n2JH9WAv56SOyu9X5IqAjqSIPTaJkqN8F7XOQ5Q==}
    engines: {node: '>=18'}
    cpu: [loong64]
    os: [linux]

  '@esbuild/linux-mips64el@0.27.7':
    resolution: {integrity: sha512-KabT5I6StirGfIz0FMgl1I+R1H73Gp0ofL9A3nG3i/cYFJzKHhouBV5VWK1CSgKvVaG4q1RNpCTR2LuTVB3fIw==}
    engines: {node: '>=18'}
    cpu: [mips64el]
    os: [linux]

  '@esbuild/linux-ppc64@0.27.7':
    resolution: {integrity: sha512-gRsL4x6wsGHGRqhtI+ifpN/vpOFTQtnbsupUF5R5YTAg+y/lKelYR1hXbnBdzDjGbMYjVJLJTd2OFmMewAgwlQ==}
    engines: {node: '>=18'}
    cpu: [ppc64]
    os: [linux]

  '@esbuild/linux-riscv64@0.27.7':
    resolution: {integrity: sha512-hL25LbxO1QOngGzu2U5xeXtxXcW+/GvMN3ejANqXkxZ/opySAZMrc+9LY/WyjAan41unrR3YrmtTsUpwT66InQ==}
    engines: {node: '>=18'}
    cpu: [riscv64]
    os: [linux]

  '@esbuild/linux-s390x@0.27.7':
    resolution: {integrity: sha512-2k8go8Ycu1Kb46vEelhu1vqEP+UeRVj2zY1pSuPdgvbd5ykAw82Lrro28vXUrRmzEsUV0NzCf54yARIK8r0fdw==}
    engines: {node: '>=18'}
    cpu: [s390x]
    os: [linux]

  '@esbuild/linux-x64@0.27.7':
    resolution: {integrity: sha512-hzznmADPt+OmsYzw1EE33ccA+HPdIqiCRq7cQeL1Jlq2gb1+OyWBkMCrYGBJ+sxVzve2ZJEVeePbLM2iEIZSxA==}
    engines: {node: '>=18'}
    cpu: [x64]
    os: [linux]

  '@esbuild/netbsd-arm64@0.27.7':
    resolution: {integrity: sha512-b6pqtrQdigZBwZxAn1UpazEisvwaIDvdbMbmrly7cDTMFnw/+3lVxxCTGOrkPVnsYIosJJXAsILG9XcQS+Yu6w==}
    engines: {node: '>=18'}
    cpu: [arm64]
    os: [netbsd]

  '@esbuild/netbsd-x64@0.27.7':
    resolution: {integrity: sha512-OfatkLojr6U+WN5EDYuoQhtM+1xco+/6FSzJJnuWiUw5eVcicbyK3dq5EeV/QHT1uy6GoDhGbFpprUiHUYggrw==}
    engines: {node: '>=18'}
    cpu: [x64]
    os: [netbsd]

  '@esbuild/openbsd-arm64@0.27.7':
    resolution: {integrity: sha512-AFuojMQTxAz75Fo8idVcqoQWEHIXFRbOc1TrVcFSgCZtQfSdc1RXgB3tjOn/krRHENUB4j00bfGjyl2mJrU37A==}
    engines: {node: '>=18'}
    cpu: [arm64]
    os: [openbsd]

  '@esbuild/openbsd-x64@0.27.7':
    resolution: {integrity: sha512-+A1NJmfM8WNDv5CLVQYJ5PshuRm/4cI6WMZRg1by1GwPIQPCTs1GLEUHwiiQGT5zDdyLiRM/l1G0Pv54gvtKIg==}
    engines: {node: '>=18'}
    cpu: [x64]
    os: [openbsd]

  '@esbuild/openharmony-arm64@0.27.7':
    resolution: {integrity: sha512-+KrvYb/C8zA9CU/g0sR6w2RBw7IGc5J2BPnc3dYc5VJxHCSF1yNMxTV5LQ7GuKteQXZtspjFbiuW5/dOj7H4Yw==}
    engines: {node: '>=18'}
    cpu: [arm64]
    os: [openharmony]

  '@esbuild/sunos-x64@0.27.7':
    resolution: {integrity: sha512-ikktIhFBzQNt/QDyOL580ti9+5mL/YZeUPKU2ivGtGjdTYoqz6jObj6nOMfhASpS4GU4Q/Clh1QtxWAvcYKamA==}
    engines: {node: '>=18'}
    cpu: [x64]
    os: [sunos]

  '@esbuild/win32-arm64@0.27.7':
    resolution: {integrity: sha512-7yRhbHvPqSpRUV7Q20VuDwbjW5kIMwTHpptuUzV+AA46kiPze5Z7qgt6CLCK3pWFrHeNfDd1VKgyP4O+ng17CA==}
    engines: {node: '>=18'}
    cpu: [arm64]
    os: [win32]

  '@esbuild/win32-ia32@0.27.7':
    resolution: {integrity: sha512-SmwKXe6VHIyZYbBLJrhOoCJRB/Z1tckzmgTLfFYOfpMAx63BJEaL9ExI8x7v0oAO3Zh6D/Oi1gVxEYr5oUCFhw==}
    engines: {node: '>=18'}
    cpu: [ia32]
    os: [win32]

  '@esbuild/win32-x64@0.27.7':
    resolution: {integrity: sha512-56hiAJPhwQ1R4i+21FVF7V8kSD5zZTdHcVuRFMW0hn753vVfQN8xlx4uOPT4xoGH0Z/oVATuR82AiqSTDIpaHg==}
    engines: {node: '>=18'}
    cpu: [x64]
    os: [win32]

  '@gql.tada/cli-utils@1.9.3':
    resolution: {integrity: sha512-P1TiXErpJwIi73sei5fzwGA/SOeCaIHFWFR4RdZPLwqxZzQN0T6MAUivzXBgKCORL67rvYnLaaPoWeqWq/61ug==}
    peerDependencies:
      '@0no-co/graphqlsp': ^1.16.0
      '@gql.tada/svelte-support': 1.0.3
      '@gql.tada/vue-support': 1.0.3
      graphql: ^15.5.0 || ^16.0.0 || ^17.0.0
      typescript: ^5.0.0 || ^6.0.0 || ^7.0.0 || ^8.0.0
    peerDependenciesMeta:
      '@gql.tada/svelte-support':
        optional: true
      '@gql.tada/vue-support':
        optional: true

  '@gql.tada/internal@1.2.2':
    resolution: {integrity: sha512-4lZcElPP6MC8Ct8KN70LR2WQsHjbAsyAmTGG09VsOPhx738UFIYaL0S1XiI2pqq2tj/sDs/y3b9jvKoWGL7iuQ==}
    peerDependencies:
      graphql: ^15.5.0 || ^16.0.0 || ^17.0.0
      typescript: ^5.0.0 || ^6.0.0 || ^7.0.0 || ^8.0.0

  '@graphql-typed-document-node/core@3.2.0':
    resolution: {integrity: sha512-mB9oAsNCm9aM3/SOv4YtBMqZbYj10R7dkq8byBqxGY/ncFwhf2oQzMV+LCRlWoDSEBJ3COiR1yeDvMtsoOsuFQ==}
    peerDependencies:
      graphql: ^0.8.0 || ^0.9.0 || ^0.10.0 || ^0.11.0 || ^0.12.0 || ^0.13.0 || ^14.0.0 || ^15.0.0 || ^16.0.0 || ^17.0.0

  '@mysten/bcs@1.9.2':
    resolution: {integrity: sha512-kBk5xrxV9OWR7i+JhL/plQrgQ2/KJhB2pB5gj+w6GXhbMQwS3DPpOvi/zN0Tj84jwPvHMllpEl0QHj6ywN7/eQ==}

  '@mysten/codegen@0.5.13':
    resolution: {integrity: sha512-Ne5Js7en97d2+duFDBvNcSRsYEMyoTXWKs6WzNQ39coVIYrQc14tmpGfaS2GqJJVISFOavaFIgRNMmvP9kl3Uw==}
    hasBin: true

  '@mysten/sui@1.45.2':
    resolution: {integrity: sha512-gftf7fNpFSiXyfXpbtP2afVEnhc7p2m/MEYc/SO5pov92dacGKOpQIF7etZsGDI1Wvhv+dpph+ulRNpnYSs7Bg==}
    engines: {node: '>=18'}

  '@mysten/utils@0.2.0':
    resolution: {integrity: sha512-CM6kJcJHX365cK6aXfFRLBiuyXc5WSBHQ43t94jqlCAIRw8umgNcTb5EnEA9n31wPAQgLDGgbG/rCUISCTJ66w==}

  '@noble/curves@1.9.4':
    resolution: {integrity: sha512-2bKONnuM53lINoDrSmK8qP8W271ms7pygDhZt4SiLOoLwBtoHqeCFi6RG42V8zd3mLHuJFhU/Bmaqo4nX0/kBw==}
    engines: {node: ^14.21.3 || >=16}

  '@noble/hashes@1.8.0':
    resolution: {integrity: sha512-jCs9ldd7NwzpgXDIf6P3+NrHh9/sD6CQdxHyjQI+h/6rDNo88ypBxxz45UDuZHz9r3tNz7N/VInSVoVdtXEI4A==}
    engines: {node: ^14.21.3 || >=16}

  '@protobuf-ts/grpcweb-transport@2.11.1':
    resolution: {integrity: sha512-1W4utDdvOB+RHMFQ0soL4JdnxjXV+ddeGIUg08DvZrA8Ms6k5NN6GBFU2oHZdTOcJVpPrDJ02RJlqtaoCMNBtw==}

  '@protobuf-ts/runtime-rpc@2.11.1':
    resolution: {integrity: sha512-4CqqUmNA+/uMz00+d3CYKgElXO9VrEbucjnBFEjqI4GuDrEQ32MaI3q+9qPBvIGOlL4PmHXrzM32vBPWRhQKWQ==}

  '@protobuf-ts/runtime@2.11.1':
    resolution: {integrity: sha512-KuDaT1IfHkugM2pyz+FwiY80ejWrkH1pAtOBOZFuR6SXEFTsnb/jiQWQ1rCIrcKx2BtyxnxW6BWwsVSA/Ie+WQ==}

  '@scure/base@1.2.6':
    resolution: {integrity: sha512-g/nm5FgUa//MCj1gV09zTJTaM6KBAHqLN907YVQqf7zC49+DcO4B1so4ZX07Ef10Twr6nuqYEH9GEggFXA4Fmg==}

  '@scure/bip32@1.7.0':
    resolution: {integrity: sha512-E4FFX/N3f4B80AKWp5dP6ow+flD1LQZo/w8UnLGYZO674jS6YnYeepycOOksv+vLPSpgN35wgKgy+ybfTb2SMw==}

  '@scure/bip39@1.6.0':
    resolution: {integrity: sha512-+lF0BbLiJNwVlev4eKelw1WWLaiKXw7sSl8T6FvBlWkdX+94aGJ4o8XjUdlyhTCjd8c+B3KT3JfS8P0bLRNU6A==}

  '@stricli/auto-complete@1.3.0':
    resolution: {integrity: sha512-egN+fdP2USbP08DkhSH+y9XsiXSrJMgbR1E5SuOD2kqI4AckufhOIKokDzmzmUT6yMa7j0jmWu29phT/jXwzqQ==}
    hasBin: true

  '@stricli/core@1.3.0':
    resolution: {integrity: sha512-LnBe2HntygaLDU5trtjiC3J4C/YkmIZuM0XB52IF4qaLqJH09kgD1fnZiS2gaYUnt0nAN2a+1b4PSOBcfPrN4Q==}

  '@types/node@22.20.1':
    resolution: {integrity: sha512-EANqOCF9QFyra+4pfxUcX9STKJpCLjMbObVzljIJomAWSnuSIEAvyzEU53GaajbXJEgdh0iEcPL+DGvpUd4k1Q==}

  '@types/node@25.3.3':
    resolution: {integrity: sha512-DpzbrH7wIcBaJibpKo9nnSQL0MTRdnWttGyE5haGwK86xgMOkFLp7vEyfQPGLOJh5wNYiJ3V9PmUMDhV9u8kkQ==}

  argparse@2.0.1:
    resolution: {integrity: sha512-8+9WqebbFzpX9OR+Wa6O29asIogeRMzcGtAINdpMHHyAg10f05aSFVBbcEqGf/PXw1EjAZ+q2/bEBg3DvurK3Q==}

  callsites@3.1.0:
    resolution: {integrity: sha512-P8BjAsXvZS+VIDUI11hHCQEv74YT67YUi5JJFNWIqL235sBmjX4+qx9Muvls5ivyNENctx46xQLQ3aTuE7ssaQ==}
    engines: {node: '>=6'}

  cosmiconfig@9.0.2:
    resolution: {integrity: sha512-gtTZxTDau1wL7Y7zifc2dd8jHSK/k6BTx/2Xp/BpdlAdnlYWFVt7qhJqgwi7637yRwRQ3qL4ZidbB4I8tA5VOg==}
    engines: {node: '>=14'}
    peerDependencies:
      typescript: '>=4.9.5'
    peerDependenciesMeta:
      typescript:
        optional: true

  env-paths@2.2.1:
    resolution: {integrity: sha512-+h1lkLKhZMTYjog1VEpJNG7NZJWcuc2DDk/qsqSTRRCOXiLjeQ1d1/udrUGhqMxUgAlwKNZ0cf2uqan5GLuS2A==}
    engines: {node: '>=6'}

  error-ex@1.3.4:
    resolution: {integrity: sha512-sqQamAnR14VgCr1A618A3sGrygcpK+HEbenA/HiEAkkUwcZIIB/tgWqHFxWgOyDh4nB4JCRimh79dR5Ywc9MDQ==}

  esbuild@0.27.7:
    resolution: {integrity: sha512-IxpibTjyVnmrIQo5aqNpCgoACA/dTKLTlhMHihVHhdkxKyPO1uBBthumT0rdHmcsk9uMonIWS0m4FljWzILh3w==}
    engines: {node: '>=18'}
    hasBin: true

  fsevents@2.3.3:
    resolution: {integrity: sha512-5xoDfX+fL7faATnagmWPpbFtwh/R77WmMMqqHGS65C3vvB0YHrgF+B1YmZ3441tMj5n63k0212XNoJwzlhffQw==}
    engines: {node: ^8.16.0 || ^10.6.0 || >=11.0.0}
    os: [darwin]

  get-tsconfig@4.14.3:
    resolution: {integrity: sha512-++QEw4DIY7WGoukz+/+A/8dGYPT9l9yIadnmSgZ8Rjr3YVSVDipQSO9CdnJo9ePqFqUUqh+wk9uIaoiAwsiPkA==}

  gql.tada@1.11.3:
    resolution: {integrity: sha512-5JCI4j2f0nug8ILaCQys/yjOP78QqqjVUf47OQsME63rZfemsHT3e5vcfbHsnZiG6vxyqpKUJArtXEVwSefUhw==}
    hasBin: true
    peerDependencies:
      typescript: ^5.0.0 || ^6.0.0 || ^7.0.0 || ^8.0.0

  graphql@16.14.2:
    resolution: {integrity: sha512-Chq1s4CY7jmh8gO2qvLIJyfCDIN+EHLFW/9iShnp1z8FjBQMoodWP1kDC36VAMXXIvAjj4ARa7ntfAV2BrjsbA==}
    engines: {node: ^12.22.0 || ^14.16.0 || ^16.0.0 || >=17.0.0}

  import-fresh@3.3.1:
    resolution: {integrity: sha512-TR3KfrTZTYLPB6jUjfx6MF9WcWrHL9su5TObK4ZkYgBdWKPOFoSoQIdEuTuR82pmtxH2spWG9h6etwfr1pLBqQ==}
    engines: {node: '>=6'}

  is-arrayish@0.2.1:
    resolution: {integrity: sha512-zz06S8t0ozoDXMG+ube26zeCTNXcKIPJZJi8hBrF4idCLms4CG9QtK7qBl1boi5ODzFpjswb5JPmHCbMpjaYzg==}

  js-tokens@4.0.0:
    resolution: {integrity: sha512-RdJUflcE3cUzKiMqQgsCu06FPu9UdIJO0beYbPhHN4k6apgJtifcoCtT9bcxOpYBtpD2kCM6Sbzg4CausW/PKQ==}

  js-yaml@4.3.1:
    resolution: {integrity: sha512-CY6crGq313MX8GkwvB7tzgp99vjQxY1++5y10/BKN/GUfHqWaOGQMNZkBvqSzsZKWk/ijwHlWzzkLulsGHhjWQ==}
    hasBin: true

  json-parse-even-better-errors@2.3.1:
    resolution: {integrity: sha512-xyFwyhro/JEof6Ghe2iz2NcXoj2sloNsWr/XsERDK/oiPCfaNhl5ONfp+jQdAZRQQ0IJWNzH9zIZF7li91kh2w==}

  lines-and-columns@1.2.4:
    resolution: {integrity: sha512-7ylylesZQ/PV29jhEDl3Ufjo6ZX7gCqJr5F7PKrqc93v7fzSymt1BpwEU8nAUXs8qzzvqhbjhK5QZg6Mt/HkBg==}

  parent-module@1.0.1:
    resolution: {integrity: sha512-GQ2EWRpQV8/o+Aw8YqtfZZPfNRWZYkbidE9k5rpl/hC3vtHHBfGm2Ifi6qWV+coDGkrUKZAxE3Lot5kcsRlh+g==}
    engines: {node: '>=6'}

  parse-json@5.2.0:
    resolution: {integrity: sha512-ayCKvm/phCGxOkYRSCM82iDwct8/EonSEgCSxWxD7ve6jHggsFl4fZVQBPRNgQoKiuV/odhFrGzQXZwbifC8Rg==}
    engines: {node: '>=8'}

  picocolors@1.1.1:
    resolution: {integrity: sha512-xceH2snhtb5M9liqDsmEw56le376mTZkEX/jEb/RxNFyegNul7eNslCXP9FDj/Lcu0X8KEyMceP2ntpaHrDEVA==}

  poseidon-lite@0.2.1:
    resolution: {integrity: sha512-xIr+G6HeYfOhCuswdqcFpSX47SPhm0EpisWJ6h7fHlWwaVIvH3dLnejpatrtw6Xc6HaLrpq05y7VRfvDmDGIog==}

  prettier@3.8.1:
    resolution: {integrity: sha512-UOnG6LftzbdaHZcKoPFtOcCKztrQ57WkHDeRD9t/PTQtmT0NHSeWWepj6pS0z/N7+08BHFDQVUrfmfMRcZwbMg==}
    engines: {node: '>=14'}
    hasBin: true

  resolve-from@4.0.0:
    resolution: {integrity: sha512-pb/MYmXstAkysRFx8piNI1tGFNQIFA3vkE3Gq4EuA1dF6gHp/+vgZqsCGJapvy8N3Q+4o7FwvquPJcnZ7RYy4g==}
    engines: {node: '>=4'}

  resolve-pkg-maps@1.0.0:
    resolution: {integrity: sha512-seS2Tj26TBVOC2NIc2rOe2y2ZO7efxITtLZcGSOnHHNOQ7CkiUBfw0Iw2ck6xkIhPwLhKNLS8BO+hEpngQlqzw==}

  toml@3.0.0:
    resolution: {integrity: sha512-y/mWCZinnvxjTKYhJ+pYxwD0mRLVvOtdS2Awbgxln6iEnt4rk0yBxeSBHkGJcPucRiG0e55mwWp+g/05rsrd6w==}

  tsx@4.21.0:
    resolution: {integrity: sha512-5C1sg4USs1lfG0GFb2RLXsdpXqBSEhAaA/0kPL01wxzpMqLILNxIxIOKiILz+cdg/pLnOUxFYOR5yhHU666wbw==}
    engines: {node: '>=18.0.0'}
    hasBin: true

  typescript@5.9.3:
    resolution: {integrity: sha512-jl1vZzPDinLr9eUt3J/t7V6FgNEw9QjvBPdysz9KfQDD41fQrC2Y4vKQdiaUpFT4bXlb1RHhLpp8wtm6M5TgSw==}
    engines: {node: '>=14.17'}
    hasBin: true

  undici-types@6.21.0:
    resolution: {integrity: sha512-iwDZqg0QAGrg9Rav5H4n0M64c3mkR59cJ6wQp+7C4nI0gsmExaedaYLNO44eT4AtBBwjbTiGPMlt2Md0T9H9JQ==}

  undici-types@7.18.2:
    resolution: {integrity: sha512-AsuCzffGHJybSaRrmr5eHr81mwJU3kjw6M+uprWvCXiNeN9SOGwQ3Jn8jb8m3Z6izVgknn1R0FTCEAP2QrLY/w==}

  valibot@1.4.2:
    resolution: {integrity: sha512-gjdCvJ6d3RyHAneqxMYMW9QMCwYMb3jpOO0IyHZV1bnRHFBHrX3VkIILt5XYR0WhwHiH7Mty8ovuPZ/O3gamrg==}
    peerDependencies:
      typescript: '>=5'
    peerDependenciesMeta:
      typescript:
        optional: true

  zod@3.25.76:
    resolution: {integrity: sha512-gzUt/qt81nXsFGKIFcC3YnfEAx5NkunCfnDlvuBSSFS02bcXu4Lmea0AFIUwbLWxWPx3d9p8S5QoaujKcNQxcQ==}

snapshots:

  '@0no-co/graphql.web@1.3.3(graphql@16.14.2)':
    optionalDependencies:
      graphql: 16.14.2

  '@0no-co/graphqlsp@1.17.4(graphql@16.14.2)(typescript@5.9.3)':
    dependencies:
      '@gql.tada/internal': 1.2.2(graphql@16.14.2)(typescript@5.9.3)
      graphql: 16.14.2
      typescript: 5.9.3

  '@babel/code-frame@7.29.7':
    dependencies:
      '@babel/helper-validator-identifier': 7.29.7
      js-tokens: 4.0.0
      picocolors: 1.1.1

  '@babel/helper-validator-identifier@7.29.7': {}

  '@esbuild/aix-ppc64@0.27.7':
    optional: true

  '@esbuild/android-arm64@0.27.7':
    optional: true

  '@esbuild/android-arm@0.27.7':
    optional: true

  '@esbuild/android-x64@0.27.7':
    optional: true

  '@esbuild/darwin-arm64@0.27.7':
    optional: true

  '@esbuild/darwin-x64@0.27.7':
    optional: true

  '@esbuild/freebsd-arm64@0.27.7':
    optional: true

  '@esbuild/freebsd-x64@0.27.7':
    optional: true

  '@esbuild/linux-arm64@0.27.7':
    optional: true

  '@esbuild/linux-arm@0.27.7':
    optional: true

  '@esbuild/linux-ia32@0.27.7':
    optional: true

  '@esbuild/linux-loong64@0.27.7':
    optional: true

  '@esbuild/linux-mips64el@0.27.7':
    optional: true

  '@esbuild/linux-ppc64@0.27.7':
    optional: true

  '@esbuild/linux-riscv64@0.27.7':
    optional: true

  '@esbuild/linux-s390x@0.27.7':
    optional: true

  '@esbuild/linux-x64@0.27.7':
    optional: true

  '@esbuild/netbsd-arm64@0.27.7':
    optional: true

  '@esbuild/netbsd-x64@0.27.7':
    optional: true

  '@esbuild/openbsd-arm64@0.27.7':
    optional: true

  '@esbuild/openbsd-x64@0.27.7':
    optional: true

  '@esbuild/openharmony-arm64@0.27.7':
    optional: true

  '@esbuild/sunos-x64@0.27.7':
    optional: true

  '@esbuild/win32-arm64@0.27.7':
    optional: true

  '@esbuild/win32-ia32@0.27.7':
    optional: true

  '@esbuild/win32-x64@0.27.7':
    optional: true

  '@gql.tada/cli-utils@1.9.3(@0no-co/graphqlsp@1.17.4(graphql@16.14.2)(typescript@5.9.3))(graphql@16.14.2)(typescript@5.9.3)':
    dependencies:
      '@0no-co/graphqlsp': 1.17.4(graphql@16.14.2)(typescript@5.9.3)
      '@gql.tada/internal': 1.2.2(graphql@16.14.2)(typescript@5.9.3)
      graphql: 16.14.2
      typescript: 5.9.3

  '@gql.tada/internal@1.2.2(graphql@16.14.2)(typescript@5.9.3)':
    dependencies:
      '@0no-co/graphql.web': 1.3.3(graphql@16.14.2)
      graphql: 16.14.2
      typescript: 5.9.3

  '@graphql-typed-document-node/core@3.2.0(graphql@16.14.2)':
    dependencies:
      graphql: 16.14.2

  '@mysten/bcs@1.9.2':
    dependencies:
      '@mysten/utils': 0.2.0
      '@scure/base': 1.2.6

  '@mysten/codegen@0.5.13':
    dependencies:
      '@mysten/bcs': 1.9.2
      '@mysten/sui': 1.45.2(typescript@5.9.3)
      '@stricli/auto-complete': 1.3.0
      '@stricli/core': 1.3.0
      '@types/node': 22.20.1
      cosmiconfig: 9.0.2(typescript@5.9.3)
      prettier: 3.8.1
      toml: 3.0.0
      typescript: 5.9.3
      zod: 3.25.76
    transitivePeerDependencies:
      - '@gql.tada/svelte-support'
      - '@gql.tada/vue-support'

  '@mysten/sui@1.45.2(typescript@5.9.3)':
    dependencies:
      '@graphql-typed-document-node/core': 3.2.0(graphql@16.14.2)
      '@mysten/bcs': 1.9.2
      '@mysten/utils': 0.2.0
      '@noble/curves': 1.9.4
      '@noble/hashes': 1.8.0
      '@protobuf-ts/grpcweb-transport': 2.11.1
      '@protobuf-ts/runtime': 2.11.1
      '@protobuf-ts/runtime-rpc': 2.11.1
      '@scure/base': 1.2.6
      '@scure/bip32': 1.7.0
      '@scure/bip39': 1.6.0
      gql.tada: 1.11.3(graphql@16.14.2)(typescript@5.9.3)
      graphql: 16.14.2
      poseidon-lite: 0.2.1
      valibot: 1.4.2(typescript@5.9.3)
    transitivePeerDependencies:
      - '@gql.tada/svelte-support'
      - '@gql.tada/vue-support'
      - typescript

  '@mysten/utils@0.2.0':
    dependencies:
      '@scure/base': 1.2.6

  '@noble/curves@1.9.4':
    dependencies:
      '@noble/hashes': 1.8.0

  '@noble/hashes@1.8.0': {}

  '@protobuf-ts/grpcweb-transport@2.11.1':
    dependencies:
      '@protobuf-ts/runtime': 2.11.1
      '@protobuf-ts/runtime-rpc': 2.11.1

  '@protobuf-ts/runtime-rpc@2.11.1':
    dependencies:
      '@protobuf-ts/runtime': 2.11.1

  '@protobuf-ts/runtime@2.11.1': {}

  '@scure/base@1.2.6': {}

  '@scure/bip32@1.7.0':
    dependencies:
      '@noble/curves': 1.9.4
      '@noble/hashes': 1.8.0
      '@scure/base': 1.2.6

  '@scure/bip39@1.6.0':
    dependencies:
      '@noble/hashes': 1.8.0
      '@scure/base': 1.2.6

  '@stricli/auto-complete@1.3.0':
    dependencies:
      '@stricli/core': 1.3.0

  '@stricli/core@1.3.0': {}

  '@types/node@22.20.1':
    dependencies:
      undici-types: 6.21.0

  '@types/node@25.3.3':
    dependencies:
      undici-types: 7.18.2

  argparse@2.0.1: {}

  callsites@3.1.0: {}

  cosmiconfig@9.0.2(typescript@5.9.3):
    dependencies:
      env-paths: 2.2.1
      import-fresh: 3.3.1
      js-yaml: 4.3.1
      parse-json: 5.2.0
    optionalDependencies:
      typescript: 5.9.3

  env-paths@2.2.1: {}

  error-ex@1.3.4:
    dependencies:
      is-arrayish: 0.2.1

  esbuild@0.27.7:
    optionalDependencies:
      '@esbuild/aix-ppc64': 0.27.7
      '@esbuild/android-arm': 0.27.7
      '@esbuild/android-arm64': 0.27.7
      '@esbuild/android-x64': 0.27.7
      '@esbuild/darwin-arm64': 0.27.7
      '@esbuild/darwin-x64': 0.27.7
      '@esbuild/freebsd-arm64': 0.27.7
      '@esbuild/freebsd-x64': 0.27.7
      '@esbuild/linux-arm': 0.27.7
      '@esbuild/linux-arm64': 0.27.7
      '@esbuild/linux-ia32': 0.27.7
      '@esbuild/linux-loong64': 0.27.7
      '@esbuild/linux-mips64el': 0.27.7
      '@esbuild/linux-ppc64': 0.27.7
      '@esbuild/linux-riscv64': 0.27.7
      '@esbuild/linux-s390x': 0.27.7
      '@esbuild/linux-x64': 0.27.7
      '@esbuild/netbsd-arm64': 0.27.7
      '@esbuild/netbsd-x64': 0.27.7
      '@esbuild/openbsd-arm64': 0.27.7
      '@esbuild/openbsd-x64': 0.27.7
      '@esbuild/openharmony-arm64': 0.27.7
      '@esbuild/sunos-x64': 0.27.7
      '@esbuild/win32-arm64': 0.27.7
      '@esbuild/win32-ia32': 0.27.7
      '@esbuild/win32-x64': 0.27.7

  fsevents@2.3.3:
    optional: true

  get-tsconfig@4.14.3:
    dependencies:
      resolve-pkg-maps: 1.0.0

  gql.tada@1.11.3(graphql@16.14.2)(typescript@5.9.3):
    dependencies:
      '@0no-co/graphql.web': 1.3.3(graphql@16.14.2)
      '@0no-co/graphqlsp': 1.17.4(graphql@16.14.2)(typescript@5.9.3)
      '@gql.tada/cli-utils': 1.9.3(@0no-co/graphqlsp@1.17.4(graphql@16.14.2)(typescript@5.9.3))(graphql@16.14.2)(typescript@5.9.3)
      '@gql.tada/internal': 1.2.2(graphql@16.14.2)(typescript@5.9.3)
      typescript: 5.9.3
    transitivePeerDependencies:
      - '@gql.tada/svelte-support'
      - '@gql.tada/vue-support'
      - graphql

  graphql@16.14.2: {}

  import-fresh@3.3.1:
    dependencies:
      parent-module: 1.0.1
      resolve-from: 4.0.0

  is-arrayish@0.2.1: {}

  js-tokens@4.0.0: {}

  js-yaml@4.3.1:
    dependencies:
      argparse: 2.0.1

  json-parse-even-better-errors@2.3.1: {}

  lines-and-columns@1.2.4: {}

  parent-module@1.0.1:
    dependencies:
      callsites: 3.1.0

  parse-json@5.2.0:
    dependencies:
      '@babel/code-frame': 7.29.7
      error-ex: 1.3.4
      json-parse-even-better-errors: 2.3.1
      lines-and-columns: 1.2.4

  picocolors@1.1.1: {}

  poseidon-lite@0.2.1: {}

  prettier@3.8.1: {}

  resolve-from@4.0.0: {}

  resolve-pkg-maps@1.0.0: {}

  toml@3.0.0: {}

  tsx@4.21.0:
    dependencies:
      esbuild: 0.27.7
      get-tsconfig: 4.14.3
    optionalDependencies:
      fsevents: 2.3.3

  typescript@5.9.3: {}

  undici-types@6.21.0: {}

  undici-types@7.18.2: {}

  valibot@1.4.2(typescript@5.9.3):
    optionalDependencies:
      typescript: 5.9.3

  zod@3.25.76: {}
